
Microsoft Visual Studio Solution File, Format Version 12.00
# Visual Studio Version 17
VisualStudioVersion = 17.10.34928.147
MinimumVisualStudioVersion = 10.0.40219.1
Project("{FAE04EC0-301F-11D3-BF4B-00C04F79EFBC}") = "PRINTER", "PRINTER\PRINTER.csproj", "{CAB48E4F-FEE3-468E-B1D9-9851ACDD8AD5}"
EndProject
Global
	GlobalSection(SolutionConfigurationPlatforms) = preSolution
		Debug|Any CPU = Debug|Any CPU
		Release|Any CPU = Release|Any CPU
	EndGlobalSection
	GlobalSection(ProjectConfigurationPlatforms) = postSolution
		{CAB48E4F-FEE3-468E-B1D9-9851ACDD8AD5}.Debug|Any CPU.ActiveCfg = Debug|Any CPU
		{CAB48E4F-FEE3-468E-B1D9-9851ACDD8AD5}.Debug|Any CPU.Build.0 = Debug|Any CPU
		{CAB48E4F-FEE3-468E-B1D9-9851ACDD8AD5}.Release|Any CPU.ActiveCfg = Release|Any CPU
		{CAB48E4F-FEE3-468E-B1D9-9851ACDD8AD5}.Release|Any CPU.Build.0 = Release|Any CPU
	EndGlobalSection
	GlobalSection(SolutionProperties) = preSolution
		HideSolutionNode = FALSE
	EndGlobalSection
	GlobalSection(ExtensibilityGlobals) = postSolution
		SolutionGuid = {13495656-3489-4E60-8760-9059667267BB}
	EndGlobalSection
EndGlobal
